
Microsoft Visual Studio Solution File, Format Version 12.00
Project("{FAE04EC0-301F-11D3-BF4B-00C04F79EFBC}") = "FactoryPattern.API", "FactoryPattern.API\FactoryPattern.API.csproj", "{B9DDB7C0-34C5-43E3-BAB7-5A4CAB84D820}"
EndProject
Global
	GlobalSection(SolutionConfigurationPlatforms) = preSolution
		Debug|Any CPU = Debug|Any CPU
		Release|Any CPU = Release|Any CPU
	EndGlobalSection
	GlobalSection(ProjectConfigurationPlatforms) = postSolution
		{B9DDB7C0-34C5-43E3-BAB7-5A4CAB84D820}.Debug|Any CPU.ActiveCfg = Debug|Any CPU
		{B9DDB7C0-34C5-43E3-BAB7-5A4CAB84D820}.Debug|Any CPU.Build.0 = Debug|Any CPU
		{B9DDB7C0-34C5-43E3-BAB7-5A4CAB84D820}.Release|Any CPU.ActiveCfg = Release|Any CPU
		{B9DDB7C0-34C5-43E3-BAB7-5A4CAB84D820}.Release|Any CPU.Build.0 = Release|Any CPU
	EndGlobalSection
EndGlobal
